// !$*UTF8*$!
{
	archiveVersion = 1;
	classes = {
	};
	objectVersion = 46;
	objects = {

/* Begin PBXBuildFile section */
		B32D21511DC33CBC00AC9F26 /* main.m in Sources */ = {isa = PBXBuildFile; fileRef = B32D21501DC33CBC00AC9F26 /* main.m */; };
		B32D21541DC33CBC00AC9F26 /* AppDelegate.m in Sources */ = {isa = PBXBuildFile; fileRef = B32D21531DC33CBC00AC9F26 /* AppDelegate.m */; };
		B32D21571DC33CBC00AC9F26 /* ViewController.m in Sources */ = {isa = PBXBuildFile; fileRef = B32D21561DC33CBC00AC9F26 /* ViewController.m */; };
		B32D215A1DC33CBC00AC9F26 /* Main.storyboard in Resources */ = {isa = PBXBuildFile; fileRef = B32D21581DC33CBC00AC9F26 /* Main.storyboard */; };
		B32D215C1DC33CBC00AC9F26 /* Assets.xcassets in Resources */ = {isa = PBXBuildFile; fileRef = B32D215B1DC33CBC00AC9F26 /* Assets.xcassets */; };
		B32D215F1DC33CBC00AC9F26 /* LaunchScreen.storyboard in Resources */ = {isa = PBXBuildFile; fileRef = B32D215D1DC33CBC00AC9F26 /* LaunchScreen.storyboard */; };
		B3691CB41DC71BD600590678 /* NSObject+Validate.m in Sources */ = {isa = PBXBuildFile; fileRef = B3691CB31DC71BD600590678 /* NSObject+Validate.m */; };
		B3691CB71DC71DCC00590678 /* LWLogManager.m in Sources */ = {isa = PBXBuildFile; fileRef = B3691CB61DC71DCC00590678 /* LWLogManager.m */; };
		B3691CBF1DC7607600590678 /* LWCodeRepositoryTests.m in Sources */ = {isa = PBXBuildFile; fileRef = B3691CBE1DC7607600590678 /* LWCodeRepositoryTests.m */; };
		B3691CC71DC760C200590678 /* ValidateObjectTests.m in Sources */ = {isa = PBXBuildFile; fileRef = B3691CC61DC760C200590678 /* ValidateObjectTests.m */; };
		BA0473DFC55F1775D0F2F69E /* libPods-LWCodeRepository.a in Frameworks */ = {isa = PBXBuildFile; fileRef = 34438FF3E3BD3B9E2EEE7B28 /* libPods-LWCodeRepository.a */; };
/* End PBXBuildFile section */

/* Begin PBXContainerItemProxy section */
		B3691CC11DC7607600590678 /* PBXContainerItemProxy */ = {
			isa = PBXContainerItemProxy;
			containerPortal = B32D21441DC33CBC00AC9F26 /* Project object */;
			proxyType = 1;
			remoteGlobalIDString = B32D214B1DC33CBC00AC9F26;
			remoteInfo = LWCodeRepository;
		};
/* End PBXContainerItemProxy section */

/* Begin PBXFileReference section */
		254A5CB6791819D1EC1AD338 /* Pods-LWCodeRepository.debug.xcconfig */ = {isa = PBXFileReference; includeInIndex = 1; lastKnownFileType = text.xcconfig; name = "Pods-LWCodeRepository.debug.xcconfig"; path = "Pods/Target Support Files/Pods-LWCodeRepository/Pods-LWCodeRepository.debug.xcconfig"; sourceTree = "<group>"; };
		34438FF3E3BD3B9E2EEE7B28 /* libPods-LWCodeRepository.a */ = {isa = PBXFileReference; explicitFileType = archive.ar; includeInIndex = 0; path = "libPods-LWCodeRepository.a"; sourceTree = BUILT_PRODUCTS_DIR; };
		B32D214C1DC33CBC00AC9F26 /* LWCodeRepository.app */ = {isa = PBXFileReference; explicitFileType = wrapper.application; includeInIndex = 0; path = LWCodeRepository.app; sourceTree = BUILT_PRODUCTS_DIR; };
		B32D21501DC33CBC00AC9F26 /* main.m */ = {isa = PBXFileReference; lastKnownFileType = sourcecode.c.objc; path = main.m; sourceTree = "<group>"; };
		B32D21521DC33CBC00AC9F26 /* AppDelegate.h */ = {isa = PBXFileReference; lastKnownFileType = sourcecode.c.h; path = AppDelegate.h; sourceTree = "<group>"; };
		B32D21531DC33CBC00AC9F26 /* AppDelegate.m */ = {isa = PBXFileReference; lastKnownFileType = sourcecode.c.objc; path = AppDelegate.m; sourceTree = "<group>"; };
		B32D21551DC33CBC00AC9F26 /* ViewController.h */ = {isa = PBXFileReference; lastKnownFileType = sourcecode.c.h; path = ViewController.h; sourceTree = "<group>"; };
		B32D21561DC33CBC00AC9F26 /* ViewController.m */ = {isa = PBXFileReference; lastKnownFileType = sourcecode.c.objc; path = ViewController.m; sourceTree = "<group>"; };
		B32D21591DC33CBC00AC9F26 /* Base */ = {isa = PBXFileReference; lastKnownFileType = file.storyboard; name = Base; path = Base.lproj/Main.storyboard; sourceTree = "<group>"; };
		B32D215B1DC33CBC00AC9F26 /* Assets.xcassets */ = {isa = PBXFileReference; lastKnownFileType = folder.assetcatalog; path = Assets.xcassets; sourceTree = "<group>"; };
		B32D215E1DC33CBC00AC9F26 /* Base */ = {isa = PBXFileReference; lastKnownFileType = file.storyboard; name = Base; path = Base.lproj/LaunchScreen.storyboard; sourceTree = "<group>"; };
		B32D21601DC33CBC00AC9F26 /* Info.plist */ = {isa = PBXFileReference; lastKnownFileType = text.plist.xml; path = Info.plist; sourceTree = "<group>"; };
		B3691CB21DC71BD600590678 /* NSObject+Validate.h */ = {isa = PBXFileReference; fileEncoding = 4; lastKnownFileType = sourcecode.c.h; path = "NSObject+Validate.h"; sourceTree = "<group>"; };
		B3691CB31DC71BD600590678 /* NSObject+Validate.m */ = {isa = PBXFileReference; fileEncoding = 4; lastKnownFileType = sourcecode.c.objc; path = "NSObject+Validate.m"; sourceTree = "<group>"; };
		B3691CB51DC71DCC00590678 /* LWLogManager.h */ = {isa = PBXFileReference; fileEncoding = 4; lastKnownFileType = sourcecode.c.h; path = LWLogManager.h; sourceTree = "<group>"; };
		B3691CB61DC71DCC00590678 /* LWLogManager.m */ = {isa = PBXFileReference; fileEncoding = 4; lastKnownFileType = sourcecode.c.objc; path = LWLogManager.m; sourceTree = "<group>"; };
		B3691CBC1DC7607600590678 /* LWCodeRepositoryTests.xctest */ = {isa = PBXFileReference; explicitFileType = wrapper.cfbundle; includeInIndex = 0; path = LWCodeRepositoryTests.xctest; sourceTree = BUILT_PRODUCTS_DIR; };
		B3691CBE1DC7607600590678 /* LWCodeRepositoryTests.m */ = {isa = PBXFileReference; lastKnownFileType = sourcecode.c.objc; path = LWCodeRepositoryTests.m; sourceTree = "<group>"; };
		B3691CC01DC7607600590678 /* Info.plist */ = {isa = PBXFileReference; lastKnownFileType = text.plist.xml; path = Info.plist; sourceTree = "<group>"; };
		B3691CC61DC760C200590678 /* ValidateObjectTests.m */ = {isa = PBXFileReference; fileEncoding = 4; lastKnownFileType = sourcecode.c.objc; path = ValidateObjectTests.m; sourceTree = "<group>"; };
		E24A83375AF5BCA60898434E /* Pods-LWCodeRepository.release.xcconfig */ = {isa = PBXFileReference; includeInIndex = 1; lastKnownFileType = text.xcconfig; name = "Pods-LWCodeRepository.release.xcconfig"; path = "Pods/Target Support Files/Pods-LWCodeRepository/Pods-LWCodeRepository.release.xcconfig"; sourceTree = "<group>"; };
/* End PBXFileReference section */

/* Begin PBXFrameworksBuildPhase section */
		B32D21491DC33CBC00AC9F26 /* Frameworks */ = {
			isa = PBXFrameworksBuildPhase;
			buildActionMask = 2147483647;
			files = (
				BA0473DFC55F1775D0F2F69E /* libPods-LWCodeRepository.a in Frameworks */,
			);
			runOnlyForDeploymentPostprocessing = 0;
		};
		B3691CB91DC7607600590678 /* Frameworks */ = {
			isa = PBXFrameworksBuildPhase;
			buildActionMask = 2147483647;
			files = (
			);
			runOnlyForDeploymentPostprocessing = 0;
		};
/* End PBXFrameworksBuildPhase section */

/* Begin PBXGroup section */
		A78A3985A44F9A7BC79B8061 /* Frameworks */ = {
			isa = PBXGroup;
			children = (
				34438FF3E3BD3B9E2EEE7B28 /* libPods-LWCodeRepository.a */,
			);
			name = Frameworks;
			sourceTree = "<group>";
		};
		B32D21431DC33CBC00AC9F26 = {
			isa = PBXGroup;
			children = (
				B3DC25C11DC3514500F77A10 /* Classes */,
				B32D214E1DC33CBC00AC9F26 /* LWCodeRepository */,
				B3691CBD1DC7607600590678 /* LWCodeRepositoryTests */,
				B32D214D1DC33CBC00AC9F26 /* Products */,
				E89CCD3FD538BBC4D3C194FC /* Pods */,
				A78A3985A44F9A7BC79B8061 /* Frameworks */,
			);
			sourceTree = "<group>";
		};
		B32D214D1DC33CBC00AC9F26 /* Products */ = {
			isa = PBXGroup;
			children = (
				B32D214C1DC33CBC00AC9F26 /* LWCodeRepository.app */,
				B3691CBC1DC7607600590678 /* LWCodeRepositoryTests.xctest */,
			);
			name = Products;
			sourceTree = "<group>";
		};
		B32D214E1DC33CBC00AC9F26 /* LWCodeRepository */ = {
			isa = PBXGroup;
			children = (
				B32D21521DC33CBC00AC9F26 /* AppDelegate.h */,
				B32D21531DC33CBC00AC9F26 /* AppDelegate.m */,
				B32D21551DC33CBC00AC9F26 /* ViewController.h */,
				B32D21561DC33CBC00AC9F26 /* ViewController.m */,
				B32D21581DC33CBC00AC9F26 /* Main.storyboard */,
				B32D215B1DC33CBC00AC9F26 /* Assets.xcassets */,
				B32D215D1DC33CBC00AC9F26 /* LaunchScreen.storyboard */,
				B32D21601DC33CBC00AC9F26 /* Info.plist */,
				B32D214F1DC33CBC00AC9F26 /* Supporting Files */,
			);
			path = LWCodeRepository;
			sourceTree = "<group>";
		};
		B32D214F1DC33CBC00AC9F26 /* Supporting Files */ = {
			isa = PBXGroup;
			children = (
				B32D21501DC33CBC00AC9F26 /* main.m */,
			);
			name = "Supporting Files";
			sourceTree = "<group>";
		};
		B3691CBD1DC7607600590678 /* LWCodeRepositoryTests */ = {
			isa = PBXGroup;
			children = (
				B3691CBE1DC7607600590678 /* LWCodeRepositoryTests.m */,
				B3691CC61DC760C200590678 /* ValidateObjectTests.m */,
				B3691CC01DC7607600590678 /* Info.plist */,
			);
			path = LWCodeRepositoryTests;
			sourceTree = "<group>";
		};
		B3DC25C11DC3514500F77A10 /* Classes */ = {
			isa = PBXGroup;
			children = (
				B3DC25C31DC3521500F77A10 /* Core */,
				B3DC25C41DC3521500F77A10 /* Network */,
			);
			path = Classes;
			sourceTree = "<group>";
		};
		B3DC25C31DC3521500F77A10 /* Core */ = {
			isa = PBXGroup;
			children = (
				B3691CB21DC71BD600590678 /* NSObject+Validate.h */,
				B3691CB31DC71BD600590678 /* NSObject+Validate.m */,
				B3691CB51DC71DCC00590678 /* LWLogManager.h */,
				B3691CB61DC71DCC00590678 /* LWLogManager.m */,
			);
			path = Core;
			sourceTree = "<group>";
		};
		B3DC25C41DC3521500F77A10 /* Network */ = {
			isa = PBXGroup;
			children = (
			);
			path = Network;
			sourceTree = "<group>";
		};
		E89CCD3FD538BBC4D3C194FC /* Pods */ = {
			isa = PBXGroup;
			children = (
				254A5CB6791819D1EC1AD338 /* Pods-LWCodeRepository.debug.xcconfig */,
				E24A83375AF5BCA60898434E /* Pods-LWCodeRepository.release.xcconfig */,
			);
			name = Pods;
			sourceTree = "<group>";
		};
/* End PBXGroup section */

/* Begin PBXNativeTarget section */
		B32D214B1DC33CBC00AC9F26 /* LWCodeRepository */ = {
			isa = PBXNativeTarget;
			buildConfigurationList = B32D21631DC33CBC00AC9F26 /* Build configuration list for PBXNativeTarget "LWCodeRepository" */;
			buildPhases = (
				5F054867DADDCF7BA83A5673 /* [CP] Check Pods Manifest.lock */,
				B32D21481DC33CBC00AC9F26 /* Sources */,
				B32D21491DC33CBC00AC9F26 /* Frameworks */,
				B32D214A1DC33CBC00AC9F26 /* Resources */,
				03B36F2FDE14230E1E1ABEEF /* [CP] Embed Pods Frameworks */,
				9EBEF8C76F45810DDCA67BB7 /* [CP] Copy Pods Resources */,
			);
			buildRules = (
			);
			dependencies = (
			);
			name = LWCodeRepository;
			productName = LWCodeRepository;
			productReference = B32D214C1DC33CBC00AC9F26 /* LWCodeRepository.app */;
			productType = "com.apple.product-type.application";
		};
		B3691CBB1DC7607600590678 /* LWCodeRepositoryTests */ = {
			isa = PBXNativeTarget;
			buildConfigurationList = B3691CC51DC7607600590678 /* Build configuration list for PBXNativeTarget "LWCodeRepositoryTests" */;
			buildPhases = (
				B3691CB81DC7607600590678 /* Sources */,
				B3691CB91DC7607600590678 /* Frameworks */,
				B3691CBA1DC7607600590678 /* Resources */,
			);
			buildRules = (
			);
			dependencies = (
				B3691CC21DC7607600590678 /* PBXTargetDependency */,
			);
			name = LWCodeRepositoryTests;
			productName = LWCodeRepositoryTests;
			productReference = B3691CBC1DC7607600590678 /* LWCodeRepositoryTests.xctest */;
			productType = "com.apple.product-type.bundle.unit-test";
		};
/* End PBXNativeTarget section */

/* Begin PBXProject section */
		B32D21441DC33CBC00AC9F26 /* Project object */ = {
			isa = PBXProject;
			attributes = {
				LastUpgradeCheck = 0730;
				ORGANIZATIONNAME = liyc_dev;
				TargetAttributes = {
					B32D214B1DC33CBC00AC9F26 = {
						CreatedOnToolsVersion = 7.3.1;
					};
					B3691CBB1DC7607600590678 = {
						CreatedOnToolsVersion = 7.3.1;
						DevelopmentTeam = X4W53U5EK5;
						TestTargetID = B32D214B1DC33CBC00AC9F26;
					};
				};
			};
			buildConfigurationList = B32D21471DC33CBC00AC9F26 /* Build configuration list for PBXProject "LWCodeRepository" */;
			compatibilityVersion = "Xcode 3.2";
			developmentRegion = English;
			hasScannedForEncodings = 0;
			knownRegions = (
				en,
				Base,
			);
			mainGroup = B32D21431DC33CBC00AC9F26;
			productRefGroup = B32D214D1DC33CBC00AC9F26 /* Products */;
			projectDirPath = "";
			projectRoot = "";
			targets = (
				B32D214B1DC33CBC00AC9F26 /* LWCodeRepository */,
				B3691CBB1DC7607600590678 /* LWCodeRepositoryTests */,
			);
		};
/* End PBXProject section */

/* Begin PBXResourcesBuildPhase section */
		B32D214A1DC33CBC00AC9F26 /* Resources */ = {
			isa = PBXResourcesBuildPhase;
			buildActionMask = 2147483647;
			files = (
				B32D215F1DC33CBC00AC9F26 /* LaunchScreen.storyboard in Resources */,
				B32D215C1DC33CBC00AC9F26 /* Assets.xcassets in Resources */,
				B32D215A1DC33CBC00AC9F26 /* Main.storyboard in Resources */,
			);
			runOnlyForDeploymentPostprocessing = 0;
		};
		B3691CBA1DC7607600590678 /* Resources */ = {
			isa = PBXResourcesBuildPhase;
			buildActionMask = 2147483647;
			files = (
			);
			runOnlyForDeploymentPostprocessing = 0;
		};
/* End PBXResourcesBuildPhase section */

/* Begin PBXShellScriptBuildPhase section */
		03B36F2FDE14230E1E1ABEEF /* [CP] Embed Pods Frameworks */ = {
			isa = PBXShellScriptBuildPhase;
			buildActionMask = 2147483647;
			files = (
			);
			inputPaths = (
			);
			name = "[CP] Embed Pods Frameworks";
			outputPaths = (
			);
			runOnlyForDeploymentPostprocessing = 0;
			shellPath = /bin/sh;
			shellScript = "\"${SRCROOT}/Pods/Target Support Files/Pods-LWCodeRepository/Pods-LWCodeRepository-frameworks.sh\"\n";
			showEnvVarsInLog = 0;
		};
		5F054867DADDCF7BA83A5673 /* [CP] Check Pods Manifest.lock */ = {
			isa = PBXShellScriptBuildPhase;
			buildActionMask = 2147483647;
			files = (
			);
			inputPaths = (
			);
			name = "[CP] Check Pods Manifest.lock";
			outputPaths = (
			);
			runOnlyForDeploymentPostprocessing = 0;
			shellPath = /bin/sh;
			shellScript = "diff \"${PODS_ROOT}/../Podfile.lock\" \"${PODS_ROOT}/Manifest.lock\" > /dev/null\nif [[ $? != 0 ]] ; then\n    cat << EOM\nerror: The sandbox is not in sync with the Podfile.lock. Run 'pod install' or update your CocoaPods installation.\nEOM\n    exit 1\nfi\n";
			showEnvVarsInLog = 0;
		};
		9EBEF8C76F45810DDCA67BB7 /* [CP] Copy Pods Resources */ = {
			isa = PBXShellScriptBuildPhase;
			buildActionMask = 2147483647;
			files = (
			);
			inputPaths = (
			);
			name = "[CP] Copy Pods Resources";
			outputPaths = (
			);
			runOnlyForDeploymentPostprocessing = 0;
			shellPath = /bin/sh;
			shellScript = "\"${SRCROOT}/Pods/Target Support Files/Pods-LWCodeRepository/Pods-LWCodeRepository-resources.sh\"\n";
			showEnvVarsInLog = 0;
		};
/* End PBXShellScriptBuildPhase section */

/* Begin PBXSourcesBuildPhase section */
		B32D21481DC33CBC00AC9F26 /* Sources */ = {
			isa = PBXSourcesBuildPhase;
			buildActionMask = 2147483647;
			files = (
				B32D21571DC33CBC00AC9F26 /* ViewController.m in Sources */,
				B3691CB71DC71DCC00590678 /* LWLogManager.m in Sources */,
				B32D21541DC33CBC00AC9F26 /* AppDelegate.m in Sources */,
				B32D21511DC33CBC00AC9F26 /* main.m in Sources */,
				B3691CB41DC71BD600590678 /* NSObject+Validate.m in Sources */,
			);
			runOnlyForDeploymentPostprocessing = 0;
		};
		B3691CB81DC7607600590678 /* Sources */ = {
			isa = PBXSourcesBuildPhase;
			buildActionMask = 2147483647;
			files = (
				B3691CC71DC760C200590678 /* ValidateObjectTests.m in Sources */,
				B3691CBF1DC7607600590678 /* LWCodeRepositoryTests.m in Sources */,
			);
			runOnlyForDeploymentPostprocessing = 0;
		};
/* End PBXSourcesBuildPhase section */

/* Begin PBXTargetDependency section */
		B3691CC21DC7607600590678 /* PBXTargetDependency */ = {
			isa = PBXTargetDependency;
			target = B32D214B1DC33CBC00AC9F26 /* LWCodeRepository */;
			targetProxy = B3691CC11DC7607600590678 /* PBXContainerItemProxy */;
		};
/* End PBXTargetDependency section */

/* Begin PBXVariantGroup section */
		B32D21581DC33CBC00AC9F26 /* Main.storyboard */ = {
			isa = PBXVariantGroup;
			children = (
				B32D21591DC33CBC00AC9F26 /* Base */,
			);
			name = Main.storyboard;
			sourceTree = "<group>";
		};
		B32D215D1DC33CBC00AC9F26 /* LaunchScreen.storyboard */ = {
			isa = PBXVariantGroup;
			children = (
				B32D215E1DC33CBC00AC9F26 /* Base */,
			);
			name = LaunchScreen.storyboard;
			sourceTree = "<group>";
		};
/* End PBXVariantGroup section */

/* Begin XCBuildConfiguration section */
		B32D21611DC33CBC00AC9F26 /* Debug */ = {
			isa = XCBuildConfiguration;
			buildSettings = {
				ALWAYS_SEARCH_USER_PATHS = NO;
				CLANG_ANALYZER_NONNULL = YES;
				CLANG_CXX_LANGUAGE_STANDARD = "gnu++0x";
				CLANG_CXX_LIBRARY = "libc++";
				CLANG_ENABLE_MODULES = YES;
				CLANG_ENABLE_OBJC_ARC = YES;
				CLANG_WARN_BOOL_CONVERSION = YES;
				CLANG_WARN_CONSTANT_CONVERSION = YES;
				CLANG_WARN_DIRECT_OBJC_ISA_USAGE = YES_ERROR;
				CLANG_WARN_EMPTY_BODY = YES;
				CLANG_WARN_ENUM_CONVERSION = YES;
				CLANG_WARN_INT_CONVERSION = YES;
				CLANG_WARN_OBJC_ROOT_CLASS = YES_ERROR;
				CLANG_WARN_UNREACHABLE_CODE = YES;
				CLANG_WARN__DUPLICATE_METHOD_MATCH = YES;
				"CODE_SIGN_IDENTITY[sdk=iphoneos*]" = "iPhone Developer";
				COPY_PHASE_STRIP = NO;
				DEBUG_INFORMATION_FORMAT = dwarf;
				ENABLE_STRICT_OBJC_MSGSEND = YES;
				ENABLE_TESTABILITY = YES;
				GCC_C_LANGUAGE_STANDARD = gnu99;
				GCC_DYNAMIC_NO_PIC = NO;
				GCC_NO_COMMON_BLOCKS = YES;
				GCC_OPTIMIZATION_LEVEL = 0;
				GCC_PREPROCESSOR_DEFINITIONS = (
					"DEBUG=1",
					"$(inherited)",
				);
				GCC_WARN_64_TO_32_BIT_CONVERSION = YES;
				GCC_WARN_ABOUT_RETURN_TYPE = YES_ERROR;
				GCC_WARN_UNDECLARED_SELECTOR = YES;
				GCC_WARN_UNINITIALIZED_AUTOS = YES_AGGRESSIVE;
				GCC_WARN_UNUSED_FUNCTION = YES;
				GCC_WARN_UNUSED_VARIABLE = YES;
				IPHONEOS_DEPLOYMENT_TARGET = 9.3;
				MTL_ENABLE_DEBUG_INFO = YES;
				ONLY_ACTIVE_ARCH = YES;
				SDKROOT = iphoneos;
				TARGETED_DEVICE_FAMILY = "1,2";
			};
			name = Debug;
		};
		B32D21621DC33CBC00AC9F26 /* Release */ = {
			isa = XCBuildConfiguration;
			buildSettings = {
				ALWAYS_SEARCH_USER_PATHS = NO;
				CLANG_ANALYZER_NONNULL = YES;
				CLANG_CXX_LANGUAGE_STANDARD = "gnu++0x";
				CLANG_CXX_LIBRARY = "libc++";
				CLANG_ENABLE_MODULES = YES;
				CLANG_ENABLE_OBJC_ARC = YES;
				CLANG_WARN_BOOL_CONVERSION = YES;
				CLANG_WARN_CONSTANT_CONVERSION = YES;
				CLANG_WARN_DIRECT_OBJC_ISA_USAGE = YES_ERROR;
				CLANG_WARN_EMPTY_BODY = YES;
				CLANG_WARN_ENUM_CONVERSION = YES;
				CLANG_WARN_INT_CONVERSION = YES;
				CLANG_WARN_OBJC_ROOT_CLASS = YES_ERROR;
				CLANG_WARN_UNREACHABLE_CODE = YES;
				CLANG_WARN__DUPLICATE_METHOD_MATCH = YES;
				"CODE_SIGN_IDENTITY[sdk=iphoneos*]" = "iPhone Developer";
				COPY_PHASE_STRIP = NO;
				DEBUG_INFORMATION_FORMAT = "dwarf-with-dsym";
				ENABLE_NS_ASSERTIONS = NO;
				ENABLE_STRICT_OBJC_MSGSEND = YES;
				GCC_C_LANGUAGE_STANDARD = gnu99;
				GCC_NO_COMMON_BLOCKS = YES;
				GCC_WARN_64_TO_32_BIT_CONVERSION = YES;
				GCC_WARN_ABOUT_RETURN_TYPE = YES_ERROR;
				GCC_WARN_UNDECLARED_SELECTOR = YES;
				GCC_WARN_UNINITIALIZED_AUTOS = YES_AGGRESSIVE;
				GCC_WARN_UNUSED_FUNCTION = YES;
				GCC_WARN_UNUSED_VARIABLE = YES;
				IPHONEOS_DEPLOYMENT_TARGET = 9.3;
				MTL_ENABLE_DEBUG_INFO = NO;
				SDKROOT = iphoneos;
				TARGETED_DEVICE_FAMILY = "1,2";
				VALIDATE_PRODUCT = YES;
			};
			name = Release;
		};
		B32D21641DC33CBC00AC9F26 /* Debug */ = {
			isa = XCBuildConfiguration;
			baseConfigurationReference = 254A5CB6791819D1EC1AD338 /* Pods-LWCodeRepository.debug.xcconfig */;
			buildSettings = {
				ASSETCATALOG_COMPILER_APPICON_NAME = AppIcon;
				CODE_SIGN_IDENTITY = "iPhone Developer: Zuoyi Wang (6Z2DM2952S)";
				INFOPLIST_FILE = LWCodeRepository/Info.plist;
				IPHONEOS_DEPLOYMENT_TARGET = 8.0;
				LD_RUNPATH_SEARCH_PATHS = "$(inherited) @executable_path/Frameworks";
				PRODUCT_BUNDLE_IDENTIFIER = com.liyc.LWCodeRepository;
				PRODUCT_NAME = "$(TARGET_NAME)";
				PROVISIONING_PROFILE = "844e8a4f-f039-4f16-af04-8c3e82b457c6";
			};
			name = Debug;
		};
		B32D21651DC33CBC00AC9F26 /* Release */ = {
			isa = XCBuildConfiguration;
			baseConfigurationReference = E24A83375AF5BCA60898434E /* Pods-LWCodeRepository.release.xcconfig */;
			buildSettings = {
				ASSETCATALOG_COMPILER_APPICON_NAME = AppIcon;
				INFOPLIST_FILE = LWCodeRepository/Info.plist;
				IPHONEOS_DEPLOYMENT_TARGET = 8.0;
				LD_RUNPATH_SEARCH_PATHS = "$(inherited) @executable_path/Frameworks";
				PRODUCT_BUNDLE_IDENTIFIER = com.liyc.LWCodeRepository;
				PRODUCT_NAME = "$(TARGET_NAME)";
			};
			name = Release;
		};
		B3691CC31DC7607600590678 /* Debug */ = {
			isa = XCBuildConfiguration;
			buildSettings = {
				BUNDLE_LOADER = "$(TEST_HOST)";
				DEVELOPMENT_TEAM = X4W53U5EK5;
				INFOPLIST_FILE = LWCodeRepositoryTests/Info.plist;
				LD_RUNPATH_SEARCH_PATHS = "$(inherited) @executable_path/Frameworks @loader_path/Frameworks";
				PRODUCT_BUNDLE_IDENTIFIER = com.liyc.LWCodeRepositoryTests;
				PRODUCT_NAME = "$(TARGET_NAME)";
				TEST_HOST = "$(BUILT_PRODUCTS_DIR)/LWCodeRepository.app/LWCodeRepository";
			};
			name = Debug;
		};
		B3691CC41DC7607600590678 /* Release */ = {
			isa = XCBuildConfiguration;
			buildSettings = {
				BUNDLE_LOADER = "$(TEST_HOST)";
				DEVELOPMENT_TEAM = X4W53U5EK5;
				INFOPLIST_FILE = LWCodeRepositoryTests/Info.plist;
				LD_RUNPATH_SEARCH_PATHS = "$(inherited) @executable_path/Frameworks @loader_path/Frameworks";
				PRODUCT_BUNDLE_IDENTIFIER = com.liyc.LWCodeRepositoryTests;
				PRODUCT_NAME = "$(TARGET_NAME)";
				TEST_HOST = "$(BUILT_PRODUCTS_DIR)/LWCodeRepository.app/LWCodeRepository";
			};
			name = Release;
		};
/* End XCBuildConfiguration section */

/* Begin XCConfigurationList section */
		B32D21471DC33CBC00AC9F26 /* Build configuration list for PBXProject "LWCodeRepository" */ = {
			isa = XCConfigurationList;
			buildConfigurations = (
				B32D21611DC33CBC00AC9F26 /* Debug */,
				B32D21621DC33CBC00AC9F26 /* Release */,
			);
			defaultConfigurationIsVisible = 0;
			defaultConfigurationName = Release;
		};
		B32D21631DC33CBC00AC9F26 /* Build configuration list for PBXNativeTarget "LWCodeRepository" */ = {
			isa = XCConfigurationList;
			buildConfigurations = (
				B32D21641DC33CBC00AC9F26 /* Debug */,
				B32D21651DC33CBC00AC9F26 /* Release */,
			);
			defaultConfigurationIsVisible = 0;
			defaultConfigurationName = Release;
		};
		B3691CC51DC7607600590678 /* Build configuration list for PBXNativeTarget "LWCodeRepositoryTests" */ = {
			isa = XCConfigurationList;
			buildConfigurations = (
				B3691CC31DC7607600590678 /* Debug */,
				B3691CC41DC7607600590678 /* Release */,
			);
			defaultConfigurationIsVisible = 0;
			defaultConfigurationName = Release;
		};
/* End XCConfigurationList section */
	};
	rootObject = B32D21441DC33CBC00AC9F26 /* Project object */;
}
