// !$*UTF8*$!
{
	archiveVersion = 1;
	classes = {
	};
	objectVersion = 46;
	objects = {

/* Begin PBXBuildFile section */
		80A0E9F84773F4AB878F1E42 /* libPods-CodeRepository-LWCodeRepositoryTests.a in Frameworks */ = {isa = PBXBuildFile; fileRef = 304404F28DC90DFE5FD58DD8 /* libPods-CodeRepository-LWCodeRepositoryTests.a */; };
		8FFB73791DDD35429B50A251 /* libPods-CodeRepository-LWCodeRepository.a in Frameworks */ = {isa = PBXBuildFile; fileRef = 94404E17BD4D233FA171FE4B /* libPods-CodeRepository-LWCodeRepository.a */; };
		B31174461DCC30EC0011C3C5 /* NSString+Format.m in Sources */ = {isa = PBXBuildFile; fileRef = B31174451DCC30EC0011C3C5 /* NSString+Format.m */; };
		B32D21511DC33CBC00AC9F26 /* main.m in Sources */ = {isa = PBXBuildFile; fileRef = B32D21501DC33CBC00AC9F26 /* main.m */; };
		B32D21541DC33CBC00AC9F26 /* AppDelegate.m in Sources */ = {isa = PBXBuildFile; fileRef = B32D21531DC33CBC00AC9F26 /* AppDelegate.m */; };
		B32D21571DC33CBC00AC9F26 /* ViewController.m in Sources */ = {isa = PBXBuildFile; fileRef = B32D21561DC33CBC00AC9F26 /* ViewController.m */; };
		B32D215A1DC33CBC00AC9F26 /* Main.storyboard in Resources */ = {isa = PBXBuildFile; fileRef = B32D21581DC33CBC00AC9F26 /* Main.storyboard */; };
		B32D215C1DC33CBC00AC9F26 /* Assets.xcassets in Resources */ = {isa = PBXBuildFile; fileRef = B32D215B1DC33CBC00AC9F26 /* Assets.xcassets */; };
		B32D215F1DC33CBC00AC9F26 /* LaunchScreen.storyboard in Resources */ = {isa = PBXBuildFile; fileRef = B32D215D1DC33CBC00AC9F26 /* LaunchScreen.storyboard */; };
		B358E9DD1DCB2BDC005048A9 /* LogTests.m in Sources */ = {isa = PBXBuildFile; fileRef = B358E9DC1DCB2BDC005048A9 /* LogTests.m */; };
		B358E9E01DCB2F19005048A9 /* LWHttpUploadFile.m in Sources */ = {isa = PBXBuildFile; fileRef = B358E9DF1DCB2F19005048A9 /* LWHttpUploadFile.m */; };
		B358E9E31DCB30AD005048A9 /* LWHttpRequest.m in Sources */ = {isa = PBXBuildFile; fileRef = B358E9E21DCB30AD005048A9 /* LWHttpRequest.m */; };
		B358E9E61DCB3152005048A9 /* LWHttpRequestManager.m in Sources */ = {isa = PBXBuildFile; fileRef = B358E9E51DCB3152005048A9 /* LWHttpRequestManager.m */; };
		B358E9E91DCB323C005048A9 /* LWHttpConfigure.m in Sources */ = {isa = PBXBuildFile; fileRef = B358E9E81DCB323C005048A9 /* LWHttpConfigure.m */; };
		B358E9EC1DCB3DF2005048A9 /* NSString+URL.m in Sources */ = {isa = PBXBuildFile; fileRef = B358E9EB1DCB3DF2005048A9 /* NSString+URL.m */; };
		B3691CB41DC71BD600590678 /* NSObject+Validate.m in Sources */ = {isa = PBXBuildFile; fileRef = B3691CB31DC71BD600590678 /* NSObject+Validate.m */; };
		B3691CB71DC71DCC00590678 /* LWLogManager.m in Sources */ = {isa = PBXBuildFile; fileRef = B3691CB61DC71DCC00590678 /* LWLogManager.m */; };
		B3691CBF1DC7607600590678 /* LWCodeRepositoryTests.m in Sources */ = {isa = PBXBuildFile; fileRef = B3691CBE1DC7607600590678 /* LWCodeRepositoryTests.m */; };
		B3691CC71DC760C200590678 /* ValidateObjectTests.m in Sources */ = {isa = PBXBuildFile; fileRef = B3691CC61DC760C200590678 /* ValidateObjectTests.m */; };
		B39E67F11DCC660700549B70 /* HttpRequestTests.m in Sources */ = {isa = PBXBuildFile; fileRef = B39E67F01DCC660700549B70 /* HttpRequestTests.m */; };
		B39E67F21DCC66B800549B70 /* LWHttpRequestManager.m in Sources */ = {isa = PBXBuildFile; fileRef = B358E9E51DCB3152005048A9 /* LWHttpRequestManager.m */; };
		B39E67F31DCC66BC00549B70 /* LWHttpConfigure.m in Sources */ = {isa = PBXBuildFile; fileRef = B358E9E81DCB323C005048A9 /* LWHttpConfigure.m */; };
		B39E67F41DCC66C000549B70 /* LWHttpRequest.m in Sources */ = {isa = PBXBuildFile; fileRef = B358E9E21DCB30AD005048A9 /* LWHttpRequest.m */; };
		B39E67F51DCC66C400549B70 /* LWHttpUploadFile.m in Sources */ = {isa = PBXBuildFile; fileRef = B358E9DF1DCB2F19005048A9 /* LWHttpUploadFile.m */; };
		B39E67F61DCC66CB00549B70 /* NSString+Format.m in Sources */ = {isa = PBXBuildFile; fileRef = B31174451DCC30EC0011C3C5 /* NSString+Format.m */; };
		B3AB445B1DCB48ED00765500 /* NSString+Encrypt.m in Sources */ = {isa = PBXBuildFile; fileRef = B3AB445A1DCB48ED00765500 /* NSString+Encrypt.m */; };
		B3AB44601DCB49F600765500 /* URLStringTests.m in Sources */ = {isa = PBXBuildFile; fileRef = B3AB445F1DCB49F600765500 /* URLStringTests.m */; };
		B3AB44611DCB552600765500 /* LWLogManager.m in Sources */ = {isa = PBXBuildFile; fileRef = B3691CB61DC71DCC00590678 /* LWLogManager.m */; };
		B3AB44621DCB555900765500 /* NSObject+Validate.m in Sources */ = {isa = PBXBuildFile; fileRef = B3691CB31DC71BD600590678 /* NSObject+Validate.m */; };
		B3AB44631DCB555D00765500 /* NSString+URL.m in Sources */ = {isa = PBXBuildFile; fileRef = B358E9EB1DCB3DF2005048A9 /* NSString+URL.m */; };
		B3AB44641DCB556100765500 /* NSString+Encrypt.m in Sources */ = {isa = PBXBuildFile; fileRef = B3AB445A1DCB48ED00765500 /* NSString+Encrypt.m */; };
		B3AB44661DCB592300765500 /* EncryptStringTests.m in Sources */ = {isa = PBXBuildFile; fileRef = B3AB44651DCB592300765500 /* EncryptStringTests.m */; };
		B3AE7BE51DDDA346006A8A87 /* CompareObjectTests.m in Sources */ = {isa = PBXBuildFile; fileRef = B3AE7BE41DDDA346006A8A87 /* CompareObjectTests.m */; };
		BA0473DFC55F1775D0F2F69E /* libPods-LWCodeRepository.a in Frameworks */ = {isa = PBXBuildFile; fileRef = 34438FF3E3BD3B9E2EEE7B28 /* libPods-LWCodeRepository.a */; };
/* End PBXBuildFile section */

/* Begin PBXContainerItemProxy section */
		B3691CC11DC7607600590678 /* PBXContainerItemProxy */ = {
			isa = PBXContainerItemProxy;
			containerPortal = B32D21441DC33CBC00AC9F26 /* Project object */;
			proxyType = 1;
			remoteGlobalIDString = B32D214B1DC33CBC00AC9F26;
			remoteInfo = LWCodeRepository;
		};
/* End PBXContainerItemProxy section */

/* Begin PBXFileReference section */
		11F1C0CB909F0EF5623C861F /* Pods-CodeRepository-LWCodeRepository.debug.xcconfig */ = {isa = PBXFileReference; includeInIndex = 1; lastKnownFileType = text.xcconfig; name = "Pods-CodeRepository-LWCodeRepository.debug.xcconfig"; path = "Pods/Target Support Files/Pods-CodeRepository-LWCodeRepository/Pods-CodeRepository-LWCodeRepository.debug.xcconfig"; sourceTree = "<group>"; };
		304404F28DC90DFE5FD58DD8 /* libPods-CodeRepository-LWCodeRepositoryTests.a */ = {isa = PBXFileReference; explicitFileType = archive.ar; includeInIndex = 0; path = "libPods-CodeRepository-LWCodeRepositoryTests.a"; sourceTree = BUILT_PRODUCTS_DIR; };
		34438FF3E3BD3B9E2EEE7B28 /* libPods-LWCodeRepository.a */ = {isa = PBXFileReference; explicitFileType = archive.ar; includeInIndex = 0; path = "libPods-LWCodeRepository.a"; sourceTree = BUILT_PRODUCTS_DIR; };
		4E8ABFECDC9F7D927E6E442B /* Pods-CodeRepository-LWCodeRepositoryTests.debug.xcconfig */ = {isa = PBXFileReference; includeInIndex = 1; lastKnownFileType = text.xcconfig; name = "Pods-CodeRepository-LWCodeRepositoryTests.debug.xcconfig"; path = "Pods/Target Support Files/Pods-CodeRepository-LWCodeRepositoryTests/Pods-CodeRepository-LWCodeRepositoryTests.debug.xcconfig"; sourceTree = "<group>"; };
		94404E17BD4D233FA171FE4B /* libPods-CodeRepository-LWCodeRepository.a */ = {isa = PBXFileReference; explicitFileType = archive.ar; includeInIndex = 0; path = "libPods-CodeRepository-LWCodeRepository.a"; sourceTree = BUILT_PRODUCTS_DIR; };
		B31174441DCC30EC0011C3C5 /* NSString+Format.h */ = {isa = PBXFileReference; fileEncoding = 4; lastKnownFileType = sourcecode.c.h; path = "NSString+Format.h"; sourceTree = "<group>"; };
		B31174451DCC30EC0011C3C5 /* NSString+Format.m */ = {isa = PBXFileReference; fileEncoding = 4; lastKnownFileType = sourcecode.c.objc; path = "NSString+Format.m"; sourceTree = "<group>"; };
		B32D214C1DC33CBC00AC9F26 /* LWCodeRepository.app */ = {isa = PBXFileReference; explicitFileType = wrapper.application; includeInIndex = 0; path = LWCodeRepository.app; sourceTree = BUILT_PRODUCTS_DIR; };
		B32D21501DC33CBC00AC9F26 /* main.m */ = {isa = PBXFileReference; lastKnownFileType = sourcecode.c.objc; path = main.m; sourceTree = "<group>"; };
		B32D21521DC33CBC00AC9F26 /* AppDelegate.h */ = {isa = PBXFileReference; lastKnownFileType = sourcecode.c.h; path = AppDelegate.h; sourceTree = "<group>"; };
		B32D21531DC33CBC00AC9F26 /* AppDelegate.m */ = {isa = PBXFileReference; lastKnownFileType = sourcecode.c.objc; path = AppDelegate.m; sourceTree = "<group>"; };
		B32D21551DC33CBC00AC9F26 /* ViewController.h */ = {isa = PBXFileReference; lastKnownFileType = sourcecode.c.h; path = ViewController.h; sourceTree = "<group>"; };
		B32D21561DC33CBC00AC9F26 /* ViewController.m */ = {isa = PBXFileReference; lastKnownFileType = sourcecode.c.objc; path = ViewController.m; sourceTree = "<group>"; };
		B32D21591DC33CBC00AC9F26 /* Base */ = {isa = PBXFileReference; lastKnownFileType = file.storyboard; name = Base; path = Base.lproj/Main.storyboard; sourceTree = "<group>"; };
		B32D215B1DC33CBC00AC9F26 /* Assets.xcassets */ = {isa = PBXFileReference; lastKnownFileType = folder.assetcatalog; path = Assets.xcassets; sourceTree = "<group>"; };
		B32D215E1DC33CBC00AC9F26 /* Base */ = {isa = PBXFileReference; lastKnownFileType = file.storyboard; name = Base; path = Base.lproj/LaunchScreen.storyboard; sourceTree = "<group>"; };
		B32D21601DC33CBC00AC9F26 /* Info.plist */ = {isa = PBXFileReference; lastKnownFileType = text.plist.xml; path = Info.plist; sourceTree = "<group>"; };
		B358E9DB1DCB248A005048A9 /* PrefixHeader.pch */ = {isa = PBXFileReference; fileEncoding = 4; lastKnownFileType = sourcecode.c.h; path = PrefixHeader.pch; sourceTree = "<group>"; };
		B358E9DC1DCB2BDC005048A9 /* LogTests.m */ = {isa = PBXFileReference; fileEncoding = 4; lastKnownFileType = sourcecode.c.objc; path = LogTests.m; sourceTree = "<group>"; };
		B358E9DE1DCB2F19005048A9 /* LWHttpUploadFile.h */ = {isa = PBXFileReference; fileEncoding = 4; lastKnownFileType = sourcecode.c.h; path = LWHttpUploadFile.h; sourceTree = "<group>"; };
		B358E9DF1DCB2F19005048A9 /* LWHttpUploadFile.m */ = {isa = PBXFileReference; fileEncoding = 4; lastKnownFileType = sourcecode.c.objc; path = LWHttpUploadFile.m; sourceTree = "<group>"; };
		B358E9E11DCB30AD005048A9 /* LWHttpRequest.h */ = {isa = PBXFileReference; fileEncoding = 4; lastKnownFileType = sourcecode.c.h; path = LWHttpRequest.h; sourceTree = "<group>"; };
		B358E9E21DCB30AD005048A9 /* LWHttpRequest.m */ = {isa = PBXFileReference; fileEncoding = 4; lastKnownFileType = sourcecode.c.objc; path = LWHttpRequest.m; sourceTree = "<group>"; };
		B358E9E41DCB3152005048A9 /* LWHttpRequestManager.h */ = {isa = PBXFileReference; fileEncoding = 4; lastKnownFileType = sourcecode.c.h; path = LWHttpRequestManager.h; sourceTree = "<group>"; };
		B358E9E51DCB3152005048A9 /* LWHttpRequestManager.m */ = {isa = PBXFileReference; fileEncoding = 4; lastKnownFileType = sourcecode.c.objc; path = LWHttpRequestManager.m; sourceTree = "<group>"; };
		B358E9E71DCB323C005048A9 /* LWHttpConfigure.h */ = {isa = PBXFileReference; fileEncoding = 4; lastKnownFileType = sourcecode.c.h; path = LWHttpConfigure.h; sourceTree = "<group>"; };
		B358E9E81DCB323C005048A9 /* LWHttpConfigure.m */ = {isa = PBXFileReference; fileEncoding = 4; lastKnownFileType = sourcecode.c.objc; path = LWHttpConfigure.m; sourceTree = "<group>"; };
		B358E9EA1DCB3DF2005048A9 /* NSString+URL.h */ = {isa = PBXFileReference; fileEncoding = 4; lastKnownFileType = sourcecode.c.h; path = "NSString+URL.h"; sourceTree = "<group>"; };
		B358E9EB1DCB3DF2005048A9 /* NSString+URL.m */ = {isa = PBXFileReference; fileEncoding = 4; lastKnownFileType = sourcecode.c.objc; path = "NSString+URL.m"; sourceTree = "<group>"; };
		B3691CB21DC71BD600590678 /* NSObject+Validate.h */ = {isa = PBXFileReference; fileEncoding = 4; lastKnownFileType = sourcecode.c.h; path = "NSObject+Validate.h"; sourceTree = "<group>"; };
		B3691CB31DC71BD600590678 /* NSObject+Validate.m */ = {isa = PBXFileReference; fileEncoding = 4; lastKnownFileType = sourcecode.c.objc; path = "NSObject+Validate.m"; sourceTree = "<group>"; };
		B3691CB51DC71DCC00590678 /* LWLogManager.h */ = {isa = PBXFileReference; fileEncoding = 4; lastKnownFileType = sourcecode.c.h; path = LWLogManager.h; sourceTree = "<group>"; };
		B3691CB61DC71DCC00590678 /* LWLogManager.m */ = {isa = PBXFileReference; fileEncoding = 4; lastKnownFileType = sourcecode.c.objc; path = LWLogManager.m; sourceTree = "<group>"; };
		B3691CBC1DC7607600590678 /* LWCodeRepositoryTests.xctest */ = {isa = PBXFileReference; explicitFileType = wrapper.cfbundle; includeInIndex = 0; path = LWCodeRepositoryTests.xctest; sourceTree = BUILT_PRODUCTS_DIR; };
		B3691CBE1DC7607600590678 /* LWCodeRepositoryTests.m */ = {isa = PBXFileReference; lastKnownFileType = sourcecode.c.objc; path = LWCodeRepositoryTests.m; sourceTree = "<group>"; };
		B3691CC01DC7607600590678 /* Info.plist */ = {isa = PBXFileReference; lastKnownFileType = text.plist.xml; path = Info.plist; sourceTree = "<group>"; };
		B3691CC61DC760C200590678 /* ValidateObjectTests.m */ = {isa = PBXFileReference; fileEncoding = 4; lastKnownFileType = sourcecode.c.objc; path = ValidateObjectTests.m; sourceTree = "<group>"; };
		B39E67F01DCC660700549B70 /* HttpRequestTests.m */ = {isa = PBXFileReference; fileEncoding = 4; lastKnownFileType = sourcecode.c.objc; path = HttpRequestTests.m; sourceTree = "<group>"; };
		B3AB44591DCB48ED00765500 /* NSString+Encrypt.h */ = {isa = PBXFileReference; fileEncoding = 4; lastKnownFileType = sourcecode.c.h; path = "NSString+Encrypt.h"; sourceTree = "<group>"; };
		B3AB445A1DCB48ED00765500 /* NSString+Encrypt.m */ = {isa = PBXFileReference; fileEncoding = 4; lastKnownFileType = sourcecode.c.objc; path = "NSString+Encrypt.m"; sourceTree = "<group>"; };
		B3AB445F1DCB49F600765500 /* URLStringTests.m */ = {isa = PBXFileReference; fileEncoding = 4; lastKnownFileType = sourcecode.c.objc; path = URLStringTests.m; sourceTree = "<group>"; };
		B3AB44651DCB592300765500 /* EncryptStringTests.m */ = {isa = PBXFileReference; fileEncoding = 4; lastKnownFileType = sourcecode.c.objc; path = EncryptStringTests.m; sourceTree = "<group>"; };
		B3AE7BE41DDDA346006A8A87 /* CompareObjectTests.m */ = {isa = PBXFileReference; fileEncoding = 4; lastKnownFileType = sourcecode.c.objc; path = CompareObjectTests.m; sourceTree = "<group>"; };
		CB54C7F8B582DC39D6FD7352 /* Pods-CodeRepository-LWCodeRepository.release.xcconfig */ = {isa = PBXFileReference; includeInIndex = 1; lastKnownFileType = text.xcconfig; name = "Pods-CodeRepository-LWCodeRepository.release.xcconfig"; path = "Pods/Target Support Files/Pods-CodeRepository-LWCodeRepository/Pods-CodeRepository-LWCodeRepository.release.xcconfig"; sourceTree = "<group>"; };
		D405005F1641B15A986AA229 /* Pods-CodeRepository-LWCodeRepositoryTests.release.xcconfig */ = {isa = PBXFileReference; includeInIndex = 1; lastKnownFileType = text.xcconfig; name = "Pods-CodeRepository-LWCodeRepositoryTests.release.xcconfig"; path = "Pods/Target Support Files/Pods-CodeRepository-LWCodeRepositoryTests/Pods-CodeRepository-LWCodeRepositoryTests.release.xcconfig"; sourceTree = "<group>"; };
/* End PBXFileReference section */

/* Begin PBXFrameworksBuildPhase section */
		B32D21491DC33CBC00AC9F26 /* Frameworks */ = {
			isa = PBXFrameworksBuildPhase;
			buildActionMask = 2147483647;
			files = (
				BA0473DFC55F1775D0F2F69E /* libPods-LWCodeRepository.a in Frameworks */,
				8FFB73791DDD35429B50A251 /* libPods-CodeRepository-LWCodeRepository.a in Frameworks */,
			);
			runOnlyForDeploymentPostprocessing = 0;
		};
		B3691CB91DC7607600590678 /* Frameworks */ = {
			isa = PBXFrameworksBuildPhase;
			buildActionMask = 2147483647;
			files = (
				80A0E9F84773F4AB878F1E42 /* libPods-CodeRepository-LWCodeRepositoryTests.a in Frameworks */,
			);
			runOnlyForDeploymentPostprocessing = 0;
		};
/* End PBXFrameworksBuildPhase section */

/* Begin PBXGroup section */
		A78A3985A44F9A7BC79B8061 /* Frameworks */ = {
			isa = PBXGroup;
			children = (
				34438FF3E3BD3B9E2EEE7B28 /* libPods-LWCodeRepository.a */,
				94404E17BD4D233FA171FE4B /* libPods-CodeRepository-LWCodeRepository.a */,
				304404F28DC90DFE5FD58DD8 /* libPods-CodeRepository-LWCodeRepositoryTests.a */,
			);
			name = Frameworks;
			sourceTree = "<group>";
		};
		B32D21431DC33CBC00AC9F26 = {
			isa = PBXGroup;
			children = (
				B3DC25C11DC3514500F77A10 /* Classes */,
				B32D214E1DC33CBC00AC9F26 /* LWCodeRepository */,
				B3691CBD1DC7607600590678 /* LWCodeRepositoryTests */,
				B32D214D1DC33CBC00AC9F26 /* Products */,
				E89CCD3FD538BBC4D3C194FC /* Pods */,
				A78A3985A44F9A7BC79B8061 /* Frameworks */,
			);
			sourceTree = "<group>";
		};
		B32D214D1DC33CBC00AC9F26 /* Products */ = {
			isa = PBXGroup;
			children = (
				B32D214C1DC33CBC00AC9F26 /* LWCodeRepository.app */,
				B3691CBC1DC7607600590678 /* LWCodeRepositoryTests.xctest */,
			);
			name = Products;
			sourceTree = "<group>";
		};
		B32D214E1DC33CBC00AC9F26 /* LWCodeRepository */ = {
			isa = PBXGroup;
			children = (
				B32D21521DC33CBC00AC9F26 /* AppDelegate.h */,
				B32D21531DC33CBC00AC9F26 /* AppDelegate.m */,
				B32D21551DC33CBC00AC9F26 /* ViewController.h */,
				B32D21561DC33CBC00AC9F26 /* ViewController.m */,
				B32D21581DC33CBC00AC9F26 /* Main.storyboard */,
				B32D215B1DC33CBC00AC9F26 /* Assets.xcassets */,
				B32D215D1DC33CBC00AC9F26 /* LaunchScreen.storyboard */,
				B32D21601DC33CBC00AC9F26 /* Info.plist */,
				B32D214F1DC33CBC00AC9F26 /* Supporting Files */,
			);
			path = LWCodeRepository;
			sourceTree = "<group>";
		};
		B32D214F1DC33CBC00AC9F26 /* Supporting Files */ = {
			isa = PBXGroup;
			children = (
				B32D21501DC33CBC00AC9F26 /* main.m */,
				B358E9DB1DCB248A005048A9 /* PrefixHeader.pch */,
			);
			name = "Supporting Files";
			sourceTree = "<group>";
		};
		B3691CBD1DC7607600590678 /* LWCodeRepositoryTests */ = {
			isa = PBXGroup;
			children = (
				B3691CBE1DC7607600590678 /* LWCodeRepositoryTests.m */,
				B3691CC61DC760C200590678 /* ValidateObjectTests.m */,
				B358E9DC1DCB2BDC005048A9 /* LogTests.m */,
				B3AB445F1DCB49F600765500 /* URLStringTests.m */,
				B3AB44651DCB592300765500 /* EncryptStringTests.m */,
				B39E67F01DCC660700549B70 /* HttpRequestTests.m */,
				B3AE7BE41DDDA346006A8A87 /* CompareObjectTests.m */,
				B3691CC01DC7607600590678 /* Info.plist */,
			);
			path = LWCodeRepositoryTests;
			sourceTree = "<group>";
		};
		B3DC25C11DC3514500F77A10 /* Classes */ = {
			isa = PBXGroup;
			children = (
				B3DC25C31DC3521500F77A10 /* Core */,
				B3DC25C41DC3521500F77A10 /* Network */,
			);
			path = Classes;
			sourceTree = "<group>";
		};
		B3DC25C31DC3521500F77A10 /* Core */ = {
			isa = PBXGroup;
			children = (
				B3691CB21DC71BD600590678 /* NSObject+Validate.h */,
				B3691CB31DC71BD600590678 /* NSObject+Validate.m */,
				B358E9EA1DCB3DF2005048A9 /* NSString+URL.h */,
				B358E9EB1DCB3DF2005048A9 /* NSString+URL.m */,
				B3AB44591DCB48ED00765500 /* NSString+Encrypt.h */,
				B3AB445A1DCB48ED00765500 /* NSString+Encrypt.m */,
				B31174441DCC30EC0011C3C5 /* NSString+Format.h */,
				B31174451DCC30EC0011C3C5 /* NSString+Format.m */,
				B3691CB51DC71DCC00590678 /* LWLogManager.h */,
				B3691CB61DC71DCC00590678 /* LWLogManager.m */,
			);
			path = Core;
			sourceTree = "<group>";
		};
		B3DC25C41DC3521500F77A10 /* Network */ = {
			isa = PBXGroup;
			children = (
				B358E9DE1DCB2F19005048A9 /* LWHttpUploadFile.h */,
				B358E9DF1DCB2F19005048A9 /* LWHttpUploadFile.m */,
				B358E9E11DCB30AD005048A9 /* LWHttpRequest.h */,
				B358E9E21DCB30AD005048A9 /* LWHttpRequest.m */,
				B358E9E41DCB3152005048A9 /* LWHttpRequestManager.h */,
				B358E9E51DCB3152005048A9 /* LWHttpRequestManager.m */,
				B358E9E71DCB323C005048A9 /* LWHttpConfigure.h */,
				B358E9E81DCB323C005048A9 /* LWHttpConfigure.m */,
			);
			path = Network;
			sourceTree = "<group>";
		};
		E89CCD3FD538BBC4D3C194FC /* Pods */ = {
			isa = PBXGroup;
			children = (
				11F1C0CB909F0EF5623C861F /* Pods-CodeRepository-LWCodeRepository.debug.xcconfig */,
				CB54C7F8B582DC39D6FD7352 /* Pods-CodeRepository-LWCodeRepository.release.xcconfig */,
				4E8ABFECDC9F7D927E6E442B /* Pods-CodeRepository-LWCodeRepositoryTests.debug.xcconfig */,
				D405005F1641B15A986AA229 /* Pods-CodeRepository-LWCodeRepositoryTests.release.xcconfig */,
			);
			name = Pods;
			sourceTree = "<group>";
		};
/* End PBXGroup section */

/* Begin PBXNativeTarget section */
		B32D214B1DC33CBC00AC9F26 /* LWCodeRepository */ = {
			isa = PBXNativeTarget;
			buildConfigurationList = B32D21631DC33CBC00AC9F26 /* Build configuration list for PBXNativeTarget "LWCodeRepository" */;
			buildPhases = (
				5F054867DADDCF7BA83A5673 /* [CP] Check Pods Manifest.lock */,
				B32D21481DC33CBC00AC9F26 /* Sources */,
				B32D21491DC33CBC00AC9F26 /* Frameworks */,
				B32D214A1DC33CBC00AC9F26 /* Resources */,
				03B36F2FDE14230E1E1ABEEF /* [CP] Embed Pods Frameworks */,
				9EBEF8C76F45810DDCA67BB7 /* [CP] Copy Pods Resources */,
			);
			buildRules = (
			);
			dependencies = (
			);
			name = LWCodeRepository;
			productName = LWCodeRepository;
			productReference = B32D214C1DC33CBC00AC9F26 /* LWCodeRepository.app */;
			productType = "com.apple.product-type.application";
		};
		B3691CBB1DC7607600590678 /* LWCodeRepositoryTests */ = {
			isa = PBXNativeTarget;
			buildConfigurationList = B3691CC51DC7607600590678 /* Build configuration list for PBXNativeTarget "LWCodeRepositoryTests" */;
			buildPhases = (
				4B869B1EF81201D70F4B96EE /* [CP] Check Pods Manifest.lock */,
				B3691CB81DC7607600590678 /* Sources */,
				B3691CB91DC7607600590678 /* Frameworks */,
				B3691CBA1DC7607600590678 /* Resources */,
				3AFF067DE14AD4F87AC0014E /* [CP] Embed Pods Frameworks */,
				8633A87B130CC8C2426A6CAC /* [CP] Copy Pods Resources */,
			);
			buildRules = (
			);
			dependencies = (
				B3691CC21DC7607600590678 /* PBXTargetDependency */,
			);
			name = LWCodeRepositoryTests;
			productName = LWCodeRepositoryTests;
			productReference = B3691CBC1DC7607600590678 /* LWCodeRepositoryTests.xctest */;
			productType = "com.apple.product-type.bundle.unit-test";
		};
/* End PBXNativeTarget section */

/* Begin PBXProject section */
		B32D21441DC33CBC00AC9F26 /* Project object */ = {
			isa = PBXProject;
			attributes = {
				LastUpgradeCheck = 0810;
				ORGANIZATIONNAME = liyc_dev;
				TargetAttributes = {
					B32D214B1DC33CBC00AC9F26 = {
						CreatedOnToolsVersion = 7.3.1;
					};
					B3691CBB1DC7607600590678 = {
						CreatedOnToolsVersion = 7.3.1;
						DevelopmentTeam = X4W53U5EK5;
						TestTargetID = B32D214B1DC33CBC00AC9F26;
					};
				};
			};
			buildConfigurationList = B32D21471DC33CBC00AC9F26 /* Build configuration list for PBXProject "LWCodeRepository" */;
			compatibilityVersion = "Xcode 3.2";
			developmentRegion = English;
			hasScannedForEncodings = 0;
			knownRegions = (
				en,
				Base,
			);
			mainGroup = B32D21431DC33CBC00AC9F26;
			productRefGroup = B32D214D1DC33CBC00AC9F26 /* Products */;
			projectDirPath = "";
			projectRoot = "";
			targets = (
				B32D214B1DC33CBC00AC9F26 /* LWCodeRepository */,
				B3691CBB1DC7607600590678 /* LWCodeRepositoryTests */,
			);
		};
/* End PBXProject section */

/* Begin PBXResourcesBuildPhase section */
		B32D214A1DC33CBC00AC9F26 /* Resources */ = {
			isa = PBXResourcesBuildPhase;
			buildActionMask = 2147483647;
			files = (
				B32D215F1DC33CBC00AC9F26 /* LaunchScreen.storyboard in Resources */,
				B32D215C1DC33CBC00AC9F26 /* Assets.xcassets in Resources */,
				B32D215A1DC33CBC00AC9F26 /* Main.storyboard in Resources */,
			);
			runOnlyForDeploymentPostprocessing = 0;
		};
		B3691CBA1DC7607600590678 /* Resources */ = {
			isa = PBXResourcesBuildPhase;
			buildActionMask = 2147483647;
			files = (
			);
			runOnlyForDeploymentPostprocessing = 0;
		};
/* End PBXResourcesBuildPhase section */

/* Begin PBXShellScriptBuildPhase section */
		03B36F2FDE14230E1E1ABEEF /* [CP] Embed Pods Frameworks */ = {
			isa = PBXShellScriptBuildPhase;
			buildActionMask = 2147483647;
			files = (
			);
			inputPaths = (
			);
			name = "[CP] Embed Pods Frameworks";
			outputPaths = (
			);
			runOnlyForDeploymentPostprocessing = 0;
			shellPath = /bin/sh;
			shellScript = "\"${SRCROOT}/Pods/Target Support Files/Pods-CodeRepository-LWCodeRepository/Pods-CodeRepository-LWCodeRepository-frameworks.sh\"\n";
			showEnvVarsInLog = 0;
		};
		3AFF067DE14AD4F87AC0014E /* [CP] Embed Pods Frameworks */ = {
			isa = PBXShellScriptBuildPhase;
			buildActionMask = 2147483647;
			files = (
			);
			inputPaths = (
			);
			name = "[CP] Embed Pods Frameworks";
			outputPaths = (
			);
			runOnlyForDeploymentPostprocessing = 0;
			shellPath = /bin/sh;
			shellScript = "\"${SRCROOT}/Pods/Target Support Files/Pods-CodeRepository-LWCodeRepositoryTests/Pods-CodeRepository-LWCodeRepositoryTests-frameworks.sh\"\n";
			showEnvVarsInLog = 0;
		};
		4B869B1EF81201D70F4B96EE /* [CP] Check Pods Manifest.lock */ = {
			isa = PBXShellScriptBuildPhase;
			buildActionMask = 2147483647;
			files = (
			);
			inputPaths = (
			);
			name = "[CP] Check Pods Manifest.lock";
			outputPaths = (
			);
			runOnlyForDeploymentPostprocessing = 0;
			shellPath = /bin/sh;
			shellScript = "diff \"${PODS_ROOT}/../Podfile.lock\" \"${PODS_ROOT}/Manifest.lock\" > /dev/null\nif [[ $? != 0 ]] ; then\n    cat << EOM\nerror: The sandbox is not in sync with the Podfile.lock. Run 'pod install' or update your CocoaPods installation.\nEOM\n    exit 1\nfi\n";
			showEnvVarsInLog = 0;
		};
		5F054867DADDCF7BA83A5673 /* [CP] Check Pods Manifest.lock */ = {
			isa = PBXShellScriptBuildPhase;
			buildActionMask = 2147483647;
			files = (
			);
			inputPaths = (
			);
			name = "[CP] Check Pods Manifest.lock";
			outputPaths = (
			);
			runOnlyForDeploymentPostprocessing = 0;
			shellPath = /bin/sh;
			shellScript = "diff \"${PODS_ROOT}/../Podfile.lock\" \"${PODS_ROOT}/Manifest.lock\" > /dev/null\nif [[ $? != 0 ]] ; then\n    cat << EOM\nerror: The sandbox is not in sync with the Podfile.lock. Run 'pod install' or update your CocoaPods installation.\nEOM\n    exit 1\nfi\n";
			showEnvVarsInLog = 0;
		};
		8633A87B130CC8C2426A6CAC /* [CP] Copy Pods Resources */ = {
			isa = PBXShellScriptBuildPhase;
			buildActionMask = 2147483647;
			files = (
			);
			inputPaths = (
			);
			name = "[CP] Copy Pods Resources";
			outputPaths = (
			);
			runOnlyForDeploymentPostprocessing = 0;
			shellPath = /bin/sh;
			shellScript = "\"${SRCROOT}/Pods/Target Support Files/Pods-CodeRepository-LWCodeRepositoryTests/Pods-CodeRepository-LWCodeRepositoryTests-resources.sh\"\n";
			showEnvVarsInLog = 0;
		};
		9EBEF8C76F45810DDCA67BB7 /* [CP] Copy Pods Resources */ = {
			isa = PBXShellScriptBuildPhase;
			buildActionMask = 2147483647;
			files = (
			);
			inputPaths = (
			);
			name = "[CP] Copy Pods Resources";
			outputPaths = (
			);
			runOnlyForDeploymentPostprocessing = 0;
			shellPath = /bin/sh;
			shellScript = "\"${SRCROOT}/Pods/Target Support Files/Pods-CodeRepository-LWCodeRepository/Pods-CodeRepository-LWCodeRepository-resources.sh\"\n";
			showEnvVarsInLog = 0;
		};
/* End PBXShellScriptBuildPhase section */

/* Begin PBXSourcesBuildPhase section */
		B32D21481DC33CBC00AC9F26 /* Sources */ = {
			isa = PBXSourcesBuildPhase;
			buildActionMask = 2147483647;
			files = (
				B31174461DCC30EC0011C3C5 /* NSString+Format.m in Sources */,
				B358E9E61DCB3152005048A9 /* LWHttpRequestManager.m in Sources */,
				B32D21571DC33CBC00AC9F26 /* ViewController.m in Sources */,
				B358E9EC1DCB3DF2005048A9 /* NSString+URL.m in Sources */,
				B358E9E31DCB30AD005048A9 /* LWHttpRequest.m in Sources */,
				B358E9E91DCB323C005048A9 /* LWHttpConfigure.m in Sources */,
				B3691CB71DC71DCC00590678 /* LWLogManager.m in Sources */,
				B32D21541DC33CBC00AC9F26 /* AppDelegate.m in Sources */,
				B358E9E01DCB2F19005048A9 /* LWHttpUploadFile.m in Sources */,
				B32D21511DC33CBC00AC9F26 /* main.m in Sources */,
				B3691CB41DC71BD600590678 /* NSObject+Validate.m in Sources */,
				B3AB445B1DCB48ED00765500 /* NSString+Encrypt.m in Sources */,
			);
			runOnlyForDeploymentPostprocessing = 0;
		};
		B3691CB81DC7607600590678 /* Sources */ = {
			isa = PBXSourcesBuildPhase;
			buildActionMask = 2147483647;
			files = (
				B3AE7BE51DDDA346006A8A87 /* CompareObjectTests.m in Sources */,
				B39E67F61DCC66CB00549B70 /* NSString+Format.m in Sources */,
				B3AB44631DCB555D00765500 /* NSString+URL.m in Sources */,
				B39E67F41DCC66C000549B70 /* LWHttpRequest.m in Sources */,
				B39E67F11DCC660700549B70 /* HttpRequestTests.m in Sources */,
				B3AB44601DCB49F600765500 /* URLStringTests.m in Sources */,
				B39E67F21DCC66B800549B70 /* LWHttpRequestManager.m in Sources */,
				B3AB44611DCB552600765500 /* LWLogManager.m in Sources */,
				B39E67F31DCC66BC00549B70 /* LWHttpConfigure.m in Sources */,
				B3691CC71DC760C200590678 /* ValidateObjectTests.m in Sources */,
				B3AB44621DCB555900765500 /* NSObject+Validate.m in Sources */,
				B3AB44641DCB556100765500 /* NSString+Encrypt.m in Sources */,
				B3691CBF1DC7607600590678 /* LWCodeRepositoryTests.m in Sources */,
				B3AB44661DCB592300765500 /* EncryptStringTests.m in Sources */,
				B358E9DD1DCB2BDC005048A9 /* LogTests.m in Sources */,
				B39E67F51DCC66C400549B70 /* LWHttpUploadFile.m in Sources */,
			);
			runOnlyForDeploymentPostprocessing = 0;
		};
/* End PBXSourcesBuildPhase section */

/* Begin PBXTargetDependency section */
		B3691CC21DC7607600590678 /* PBXTargetDependency */ = {
			isa = PBXTargetDependency;
			target = B32D214B1DC33CBC00AC9F26 /* LWCodeRepository */;
			targetProxy = B3691CC11DC7607600590678 /* PBXContainerItemProxy */;
		};
/* End PBXTargetDependency section */

/* Begin PBXVariantGroup section */
		B32D21581DC33CBC00AC9F26 /* Main.storyboard */ = {
			isa = PBXVariantGroup;
			children = (
				B32D21591DC33CBC00AC9F26 /* Base */,
			);
			name = Main.storyboard;
			sourceTree = "<group>";
		};
		B32D215D1DC33CBC00AC9F26 /* LaunchScreen.storyboard */ = {
			isa = PBXVariantGroup;
			children = (
				B32D215E1DC33CBC00AC9F26 /* Base */,
			);
			name = LaunchScreen.storyboard;
			sourceTree = "<group>";
		};
/* End PBXVariantGroup section */

/* Begin XCBuildConfiguration section */
		B32D21611DC33CBC00AC9F26 /* Debug */ = {
			isa = XCBuildConfiguration;
			buildSettings = {
				ALWAYS_SEARCH_USER_PATHS = NO;
				CLANG_ANALYZER_NONNULL = YES;
				CLANG_CXX_LANGUAGE_STANDARD = "gnu++0x";
				CLANG_CXX_LIBRARY = "libc++";
				CLANG_ENABLE_MODULES = YES;
				CLANG_ENABLE_OBJC_ARC = YES;
				CLANG_WARN_BOOL_CONVERSION = YES;
				CLANG_WARN_CONSTANT_CONVERSION = YES;
				CLANG_WARN_DIRECT_OBJC_ISA_USAGE = YES_ERROR;
				CLANG_WARN_EMPTY_BODY = YES;
				CLANG_WARN_ENUM_CONVERSION = YES;
				CLANG_WARN_INFINITE_RECURSION = YES;
				CLANG_WARN_INT_CONVERSION = YES;
				CLANG_WARN_OBJC_ROOT_CLASS = YES_ERROR;
				CLANG_WARN_SUSPICIOUS_MOVE = YES;
				CLANG_WARN_UNREACHABLE_CODE = YES;
				CLANG_WARN__DUPLICATE_METHOD_MATCH = YES;
				"CODE_SIGN_IDENTITY[sdk=iphoneos*]" = "iPhone Developer";
				COPY_PHASE_STRIP = NO;
				DEBUG_INFORMATION_FORMAT = dwarf;
				ENABLE_STRICT_OBJC_MSGSEND = YES;
				ENABLE_TESTABILITY = YES;
				GCC_C_LANGUAGE_STANDARD = gnu99;
				GCC_DYNAMIC_NO_PIC = NO;
				GCC_NO_COMMON_BLOCKS = YES;
				GCC_OPTIMIZATION_LEVEL = 0;
				GCC_PREPROCESSOR_DEFINITIONS = (
					"DEBUG=1",
					"$(inherited)",
				);
				GCC_WARN_64_TO_32_BIT_CONVERSION = YES;
				GCC_WARN_ABOUT_RETURN_TYPE = YES_ERROR;
				GCC_WARN_UNDECLARED_SELECTOR = YES;
				GCC_WARN_UNINITIALIZED_AUTOS = YES_AGGRESSIVE;
				GCC_WARN_UNUSED_FUNCTION = YES;
				GCC_WARN_UNUSED_VARIABLE = YES;
				IPHONEOS_DEPLOYMENT_TARGET = 8.0;
				MTL_ENABLE_DEBUG_INFO = YES;
				ONLY_ACTIVE_ARCH = YES;
				SDKROOT = iphoneos;
				TARGETED_DEVICE_FAMILY = "1,2";
			};
			name = Debug;
		};
		B32D21621DC33CBC00AC9F26 /* Release */ = {
			isa = XCBuildConfiguration;
			buildSettings = {
				ALWAYS_SEARCH_USER_PATHS = NO;
				CLANG_ANALYZER_NONNULL = YES;
				CLANG_CXX_LANGUAGE_STANDARD = "gnu++0x";
				CLANG_CXX_LIBRARY = "libc++";
				CLANG_ENABLE_MODULES = YES;
				CLANG_ENABLE_OBJC_ARC = YES;
				CLANG_WARN_BOOL_CONVERSION = YES;
				CLANG_WARN_CONSTANT_CONVERSION = YES;
				CLANG_WARN_DIRECT_OBJC_ISA_USAGE = YES_ERROR;
				CLANG_WARN_EMPTY_BODY = YES;
				CLANG_WARN_ENUM_CONVERSION = YES;
				CLANG_WARN_INFINITE_RECURSION = YES;
				CLANG_WARN_INT_CONVERSION = YES;
				CLANG_WARN_OBJC_ROOT_CLASS = YES_ERROR;
				CLANG_WARN_SUSPICIOUS_MOVE = YES;
				CLANG_WARN_UNREACHABLE_CODE = YES;
				CLANG_WARN__DUPLICATE_METHOD_MATCH = YES;
				"CODE_SIGN_IDENTITY[sdk=iphoneos*]" = "iPhone Developer";
				COPY_PHASE_STRIP = NO;
				DEBUG_INFORMATION_FORMAT = "dwarf-with-dsym";
				ENABLE_NS_ASSERTIONS = NO;
				ENABLE_STRICT_OBJC_MSGSEND = YES;
				GCC_C_LANGUAGE_STANDARD = gnu99;
				GCC_NO_COMMON_BLOCKS = YES;
				GCC_WARN_64_TO_32_BIT_CONVERSION = YES;
				GCC_WARN_ABOUT_RETURN_TYPE = YES_ERROR;
				GCC_WARN_UNDECLARED_SELECTOR = YES;
				GCC_WARN_UNINITIALIZED_AUTOS = YES_AGGRESSIVE;
				GCC_WARN_UNUSED_FUNCTION = YES;
				GCC_WARN_UNUSED_VARIABLE = YES;
				IPHONEOS_DEPLOYMENT_TARGET = 8.0;
				MTL_ENABLE_DEBUG_INFO = NO;
				SDKROOT = iphoneos;
				TARGETED_DEVICE_FAMILY = "1,2";
				VALIDATE_PRODUCT = YES;
			};
			name = Release;
		};
		B32D21641DC33CBC00AC9F26 /* Debug */ = {
			isa = XCBuildConfiguration;
			baseConfigurationReference = 11F1C0CB909F0EF5623C861F /* Pods-CodeRepository-LWCodeRepository.debug.xcconfig */;
			buildSettings = {
				ASSETCATALOG_COMPILER_APPICON_NAME = AppIcon;
				CODE_SIGN_IDENTITY = "iPhone Developer: Zuoyi Wang (6Z2DM2952S)";
				GCC_PREFIX_HEADER = LWCodeRepository/PrefixHeader.pch;
				GCC_PREPROCESSOR_DEFINITIONS = "$(inherited)";
				INFOPLIST_FILE = LWCodeRepository/Info.plist;
				IPHONEOS_DEPLOYMENT_TARGET = 8.0;
				LD_RUNPATH_SEARCH_PATHS = "$(inherited) @executable_path/Frameworks";
				LIBRARY_SEARCH_PATHS = (
					"$(inherited)",
					"$(PROJECT_DIR)/Classes/libwebp",
				);
				PRODUCT_BUNDLE_IDENTIFIER = com.liyc.LWCodeRepository;
				PRODUCT_NAME = "$(TARGET_NAME)";
				PROVISIONING_PROFILE = "844e8a4f-f039-4f16-af04-8c3e82b457c6";
			};
			name = Debug;
		};
		B32D21651DC33CBC00AC9F26 /* Release */ = {
			isa = XCBuildConfiguration;
			baseConfigurationReference = CB54C7F8B582DC39D6FD7352 /* Pods-CodeRepository-LWCodeRepository.release.xcconfig */;
			buildSettings = {
				ASSETCATALOG_COMPILER_APPICON_NAME = AppIcon;
				GCC_PREFIX_HEADER = LWCodeRepository/PrefixHeader.pch;
				GCC_PREPROCESSOR_DEFINITIONS = "$(inherited)";
				INFOPLIST_FILE = LWCodeRepository/Info.plist;
				IPHONEOS_DEPLOYMENT_TARGET = 8.0;
				LD_RUNPATH_SEARCH_PATHS = "$(inherited) @executable_path/Frameworks";
				LIBRARY_SEARCH_PATHS = (
					"$(inherited)",
					"$(PROJECT_DIR)/Classes/libwebp",
				);
				PRODUCT_BUNDLE_IDENTIFIER = com.liyc.LWCodeRepository;
				PRODUCT_NAME = "$(TARGET_NAME)";
			};
			name = Release;
		};
		B3691CC31DC7607600590678 /* Debug */ = {
			isa = XCBuildConfiguration;
			baseConfigurationReference = 4E8ABFECDC9F7D927E6E442B /* Pods-CodeRepository-LWCodeRepositoryTests.debug.xcconfig */;
			buildSettings = {
				BUNDLE_LOADER = "$(TEST_HOST)";
				DEVELOPMENT_TEAM = X4W53U5EK5;
				GCC_PREFIX_HEADER = LWCodeRepository/PrefixHeader.pch;
				INFOPLIST_FILE = LWCodeRepositoryTests/Info.plist;
				LD_RUNPATH_SEARCH_PATHS = "$(inherited) @executable_path/Frameworks @loader_path/Frameworks";
				PRODUCT_BUNDLE_IDENTIFIER = com.liyc.LWCodeRepositoryTests;
				PRODUCT_NAME = "$(TARGET_NAME)";
				TEST_HOST = "$(BUILT_PRODUCTS_DIR)/LWCodeRepository.app/LWCodeRepository";
			};
			name = Debug;
		};
		B3691CC41DC7607600590678 /* Release */ = {
			isa = XCBuildConfiguration;
			baseConfigurationReference = D405005F1641B15A986AA229 /* Pods-CodeRepository-LWCodeRepositoryTests.release.xcconfig */;
			buildSettings = {
				BUNDLE_LOADER = "$(TEST_HOST)";
				DEVELOPMENT_TEAM = X4W53U5EK5;
				GCC_PREFIX_HEADER = LWCodeRepository/PrefixHeader.pch;
				INFOPLIST_FILE = LWCodeRepositoryTests/Info.plist;
				LD_RUNPATH_SEARCH_PATHS = "$(inherited) @executable_path/Frameworks @loader_path/Frameworks";
				PRODUCT_BUNDLE_IDENTIFIER = com.liyc.LWCodeRepositoryTests;
				PRODUCT_NAME = "$(TARGET_NAME)";
				TEST_HOST = "$(BUILT_PRODUCTS_DIR)/LWCodeRepository.app/LWCodeRepository";
			};
			name = Release;
		};
/* End XCBuildConfiguration section */

/* Begin XCConfigurationList section */
		B32D21471DC33CBC00AC9F26 /* Build configuration list for PBXProject "LWCodeRepository" */ = {
			isa = XCConfigurationList;
			buildConfigurations = (
				B32D21611DC33CBC00AC9F26 /* Debug */,
				B32D21621DC33CBC00AC9F26 /* Release */,
			);
			defaultConfigurationIsVisible = 0;
			defaultConfigurationName = Release;
		};
		B32D21631DC33CBC00AC9F26 /* Build configuration list for PBXNativeTarget "LWCodeRepository" */ = {
			isa = XCConfigurationList;
			buildConfigurations = (
				B32D21641DC33CBC00AC9F26 /* Debug */,
				B32D21651DC33CBC00AC9F26 /* Release */,
			);
			defaultConfigurationIsVisible = 0;
			defaultConfigurationName = Release;
		};
		B3691CC51DC7607600590678 /* Build configuration list for PBXNativeTarget "LWCodeRepositoryTests" */ = {
			isa = XCConfigurationList;
			buildConfigurations = (
				B3691CC31DC7607600590678 /* Debug */,
				B3691CC41DC7607600590678 /* Release */,
			);
			defaultConfigurationIsVisible = 0;
			defaultConfigurationName = Release;
		};
/* End XCConfigurationList section */
	};
	rootObject = B32D21441DC33CBC00AC9F26 /* Project object */;
}
